
Microsoft Visual Studio Solution File, Format Version 12.00
# Visual Studio Version 17
VisualStudioVersion = 17.13.35919.96
MinimumVisualStudioVersion = 10.0.40219.1
Project("{FAE04EC0-301F-11D3-BF4B-00C04F79EFBC}") = "Biblioteca.WebApi", "Biblioteca.WebApi\Biblioteca.WebApi.csproj", "{222249F8-1A43-4820-8A62-431D8B8F6B55}"
EndProject
Project("{FAE04EC0-301F-11D3-BF4B-00C04F79EFBC}") = "Biblioteca.Application", "..\..\GerenciamentoLivros\Biblioteca.Domain\Biblioteca.Application\Biblioteca.Application.csproj", "{EA39757F-D238-622B-3B86-4E8F7DB2B59E}"
EndProject
Project("{FAE04EC0-301F-11D3-BF4B-00C04F79EFBC}") = "Biblioteca.Domain", "..\..\GerenciamentoLivros\Biblioteca.Domain\Biblioteca.Domain\Biblioteca.Domain.csproj", "{D5F58D47-228B-38C3-4C5B-33C08B96F88A}"
EndProject
Project("{FAE04EC0-301F-11D3-BF4B-00C04F79EFBC}") = "Biblioteca.Infrastructure", "..\..\GerenciamentoLivros\Biblioteca.Domain\Biblioteca.Infrastructure\Biblioteca.Infrastructure.csproj", "{2B1FD4AD-CA32-BF74-8569-0F633CE65603}"
EndProject
Global
	GlobalSection(SolutionConfigurationPlatforms) = preSolution
		Debug|Any CPU = Debug|Any CPU
		Release|Any CPU = Release|Any CPU
	EndGlobalSection
	GlobalSection(ProjectConfigurationPlatforms) = postSolution
		{222249F8-1A43-4820-8A62-431D8B8F6B55}.Debug|Any CPU.ActiveCfg = Debug|Any CPU
		{222249F8-1A43-4820-8A62-431D8B8F6B55}.Debug|Any CPU.Build.0 = Debug|Any CPU
		{222249F8-1A43-4820-8A62-431D8B8F6B55}.Release|Any CPU.ActiveCfg = Release|Any CPU
		{222249F8-1A43-4820-8A62-431D8B8F6B55}.Release|Any CPU.Build.0 = Release|Any CPU
		{EA39757F-D238-622B-3B86-4E8F7DB2B59E}.Debug|Any CPU.ActiveCfg = Debug|Any CPU
		{EA39757F-D238-622B-3B86-4E8F7DB2B59E}.Debug|Any CPU.Build.0 = Debug|Any CPU
		{EA39757F-D238-622B-3B86-4E8F7DB2B59E}.Release|Any CPU.ActiveCfg = Release|Any CPU
		{EA39757F-D238-622B-3B86-4E8F7DB2B59E}.Release|Any CPU.Build.0 = Release|Any CPU
		{D5F58D47-228B-38C3-4C5B-33C08B96F88A}.Debug|Any CPU.ActiveCfg = Debug|Any CPU
		{D5F58D47-228B-38C3-4C5B-33C08B96F88A}.Debug|Any CPU.Build.0 = Debug|Any CPU
		{D5F58D47-228B-38C3-4C5B-33C08B96F88A}.Release|Any CPU.ActiveCfg = Release|Any CPU
		{D5F58D47-228B-38C3-4C5B-33C08B96F88A}.Release|Any CPU.Build.0 = Release|Any CPU
		{2B1FD4AD-CA32-BF74-8569-0F633CE65603}.Debug|Any CPU.ActiveCfg = Debug|Any CPU
		{2B1FD4AD-CA32-BF74-8569-0F633CE65603}.Debug|Any CPU.Build.0 = Debug|Any CPU
		{2B1FD4AD-CA32-BF74-8569-0F633CE65603}.Release|Any CPU.ActiveCfg = Release|Any CPU
		{2B1FD4AD-CA32-BF74-8569-0F633CE65603}.Release|Any CPU.Build.0 = Release|Any CPU
	EndGlobalSection
	GlobalSection(SolutionProperties) = preSolution
		HideSolutionNode = FALSE
	EndGlobalSection
	GlobalSection(ExtensibilityGlobals) = postSolution
		SolutionGuid = {44DFC367-6197-4C97-A629-AF5181AE316C}
	EndGlobalSection
EndGlobal
